{
  "name": "prisma-qa-compute-alpha",
  "version": "0.1.0",
  "lockfileVersion": 3,
  "requires": true,
  "packages": {
    "": {
      "name": "prisma-qa-compute-alpha",
      "version": "0.1.0",
      "dependencies": {
        "@hono/node-server": "^1.13.7",
        "hono": "^4.6.12"
      }
    }
  }
}
